
Microsoft Visual Studio Solution File, Format Version 12.00
# Visual Studio 15
Project("{FAE04EC0-301F-11D3-BF4B-00C04F79EFBC}") = "NewsParser", "NewsParser\NewsParser.csproj", "{356D51C5-4088-46C1-BBA9-89E0228507D5}"
EndProject
Project("{FAE04EC0-301F-11D3-BF4B-00C04F79EFBC}") = "DB", "DB\DB.csproj", "{59144F70-5CBE-4BB8-AAB3-1EDACC9AABF9}"
EndProject
Project("{FAE04EC0-301F-11D3-BF4B-00C04F79EFBC}") = "Search", "Search\Search.csproj", "{45921592-B390-4BA9-AB8F-01D499011E6E}"
EndProject
Project("{FAE04EC0-301F-11D3-BF4B-00C04F79EFBC}") = "NewsPosts", "NewsPosts\NewsPosts.csproj", "{9F8562DF-2DF8-4D39-AAA1-01C2FEDEED6C}"
EndProject
Project("{FAE04EC0-301F-11D3-BF4B-00C04F79EFBC}") = "HtmlParser", "HtmlParser\HtmlParser.csproj", "{10CAF972-75FE-47AD-8D13-42E8C3F8D055}"
EndProject
Global
	GlobalSection(SolutionConfigurationPlatforms) = preSolution
		Debug|Any CPU = Debug|Any CPU
		Release|Any CPU = Release|Any CPU
	EndGlobalSection
	GlobalSection(ProjectConfigurationPlatforms) = postSolution
		{356D51C5-4088-46C1-BBA9-89E0228507D5}.Debug|Any CPU.ActiveCfg = Debug|Any CPU
		{356D51C5-4088-46C1-BBA9-89E0228507D5}.Debug|Any CPU.Build.0 = Debug|Any CPU
		{356D51C5-4088-46C1-BBA9-89E0228507D5}.Release|Any CPU.ActiveCfg = Release|Any CPU
		{356D51C5-4088-46C1-BBA9-89E0228507D5}.Release|Any CPU.Build.0 = Release|Any CPU
		{59144F70-5CBE-4BB8-AAB3-1EDACC9AABF9}.Debug|Any CPU.ActiveCfg = Debug|Any CPU
		{59144F70-5CBE-4BB8-AAB3-1EDACC9AABF9}.Debug|Any CPU.Build.0 = Debug|Any CPU
		{59144F70-5CBE-4BB8-AAB3-1EDACC9AABF9}.Release|Any CPU.ActiveCfg = Release|Any CPU
		{59144F70-5CBE-4BB8-AAB3-1EDACC9AABF9}.Release|Any CPU.Build.0 = Release|Any CPU
		{45921592-B390-4BA9-AB8F-01D499011E6E}.Debug|Any CPU.ActiveCfg = Debug|Any CPU
		{45921592-B390-4BA9-AB8F-01D499011E6E}.Debug|Any CPU.Build.0 = Debug|Any CPU
		{45921592-B390-4BA9-AB8F-01D499011E6E}.Release|Any CPU.ActiveCfg = Release|Any CPU
		{45921592-B390-4BA9-AB8F-01D499011E6E}.Release|Any CPU.Build.0 = Release|Any CPU
		{9F8562DF-2DF8-4D39-AAA1-01C2FEDEED6C}.Debug|Any CPU.ActiveCfg = Debug|Any CPU
		{9F8562DF-2DF8-4D39-AAA1-01C2FEDEED6C}.Debug|Any CPU.Build.0 = Debug|Any CPU
		{9F8562DF-2DF8-4D39-AAA1-01C2FEDEED6C}.Release|Any CPU.ActiveCfg = Release|Any CPU
		{9F8562DF-2DF8-4D39-AAA1-01C2FEDEED6C}.Release|Any CPU.Build.0 = Release|Any CPU
		{10CAF972-75FE-47AD-8D13-42E8C3F8D055}.Debug|Any CPU.ActiveCfg = Debug|Any CPU
		{10CAF972-75FE-47AD-8D13-42E8C3F8D055}.Debug|Any CPU.Build.0 = Debug|Any CPU
		{10CAF972-75FE-47AD-8D13-42E8C3F8D055}.Release|Any CPU.ActiveCfg = Release|Any CPU
		{10CAF972-75FE-47AD-8D13-42E8C3F8D055}.Release|Any CPU.Build.0 = Release|Any CPU
	EndGlobalSection
EndGlobal
